// !$*UTF8*$!
{
	archiveVersion = 1;
	classes = {
	};
	objectVersion = 48;
	objects = {

/* Begin PBXBuildFile section */
		D953DB21200FDD7A007E3CFF /* AppDelegate.swift in Sources */ = {isa = PBXBuildFile; fileRef = D953DB20200FDD7A007E3CFF /* AppDelegate.swift */; };
		D953DB23200FDD7A007E3CFF /* ViewController.swift in Sources */ = {isa = PBXBuildFile; fileRef = D953DB22200FDD7A007E3CFF /* ViewController.swift */; };
		D953DB26200FDD7A007E3CFF /* Main.storyboard in Resources */ = {isa = PBXBuildFile; fileRef = D953DB24200FDD7A007E3CFF /* Main.storyboard */; };
		D953DB28200FDD7A007E3CFF /* Assets.xcassets in Resources */ = {isa = PBXBuildFile; fileRef = D953DB27200FDD7A007E3CFF /* Assets.xcassets */; };
		D953DB2B200FDD7A007E3CFF /* LaunchScreen.storyboard in Resources */ = {isa = PBXBuildFile; fileRef = D953DB29200FDD7A007E3CFF /* LaunchScreen.storyboard */; };
/* End PBXBuildFile section */

/* Begin PBXFileReference section */
		D953DB1D200FDD7A007E3CFF /* Climate App.app */ = {isa = PBXFileReference; explicitFileType = wrapper.application; includeInIndex = 0; path = "Climate App.app"; sourceTree = BUILT_PRODUCTS_DIR; };
		D953DB20200FDD7A007E3CFF /* AppDelegate.swift */ = {isa = PBXFileReference; lastKnownFileType = sourcecode.swift; path = AppDelegate.swift; sourceTree = "<group>"; };
		D953DB22200FDD7A007E3CFF /* ViewController.swift */ = {isa = PBXFileReference; lastKnownFileType = sourcecode.swift; path = ViewController.swift; sourceTree = "<group>"; };
		D953DB25200FDD7A007E3CFF /* Base */ = {isa = PBXFileReference; lastKnownFileType = file.storyboard; name = Base; path = Base.lproj/Main.storyboard; sourceTree = "<group>"; };
		D953DB27200FDD7A007E3CFF /* Assets.xcassets */ = {isa = PBXFileReference; lastKnownFileType = folder.assetcatalog; path = Assets.xcassets; sourceTree = "<group>"; };
		D953DB2A200FDD7A007E3CFF /* Base */ = {isa = PBXFileReference; lastKnownFileType = file.storyboard; name = Base; path = Base.lproj/LaunchScreen.storyboard; sourceTree = "<group>"; };
		D953DB2C200FDD7A007E3CFF /* Info.plist */ = {isa = PBXFileReference; lastKnownFileType = text.plist.xml; path = Info.plist; sourceTree = "<group>"; };
/* End PBXFileReference section */

/* Begin PBXFrameworksBuildPhase section */
		D953DB1A200FDD7A007E3CFF /* Frameworks */ = {
			isa = PBXFrameworksBuildPhase;
			buildActionMask = 2147483647;
			files = (
			);
			runOnlyForDeploymentPostprocessing = 0;
		};
/* End PBXFrameworksBuildPhase section */

/* Begin PBXGroup section */
		D953DB14200FDD7A007E3CFF = {
			isa = PBXGroup;
			children = (
				D953DB1F200FDD7A007E3CFF /* Climate App */,
				D953DB1E200FDD7A007E3CFF /* Products */,
			);
			sourceTree = "<group>";
		};
		D953DB1E200FDD7A007E3CFF /* Products */ = {
			isa = PBXGroup;
			children = (
				D953DB1D200FDD7A007E3CFF /* Climate App.app */,
			);
			name = Products;
			sourceTree = "<group>";
		};
		D953DB1F200FDD7A007E3CFF /* Climate App */ = {
			isa = PBXGroup;
			children = (
				D953DB20200FDD7A007E3CFF /* AppDelegate.swift */,
				D953DB22200FDD7A007E3CFF /* ViewController.swift */,
				D953DB24200FDD7A007E3CFF /* Main.storyboard */,
				D953DB27200FDD7A007E3CFF /* Assets.xcassets */,
				D953DB29200FDD7A007E3CFF /* LaunchScreen.storyboard */,
				D953DB2C200FDD7A007E3CFF /* Info.plist */,
			);
			path = "Climate App";
			sourceTree = "<group>";
		};
/* End PBXGroup section */

/* Begin PBXNativeTarget section */
		D953DB1C200FDD7A007E3CFF /* Climate App */ = {
			isa = PBXNativeTarget;
			buildConfigurationList = D953DB2F200FDD7A007E3CFF /* Build configuration list for PBXNativeTarget "Climate App" */;
			buildPhases = (
				D953DB19200FDD7A007E3CFF /* Sources */,
				D953DB1A200FDD7A007E3CFF /* Frameworks */,
				D953DB1B200FDD7A007E3CFF /* Resources */,
			);
			buildRules = (
			);
			dependencies = (
			);
			name = "Climate App";
			productName = "Climate App";
			productReference = D953DB1D200FDD7A007E3CFF /* Climate App.app */;
			productType = "com.apple.product-type.application";
		};
/* End PBXNativeTarget section */

/* Begin PBXProject section */
		D953DB15200FDD7A007E3CFF /* Project object */ = {
			isa = PBXProject;
			attributes = {
				LastSwiftUpdateCheck = 0910;
				LastUpgradeCheck = 0910;
				ORGANIZATIONNAME = Mohamed;
				TargetAttributes = {
					D953DB1C200FDD7A007E3CFF = {
						CreatedOnToolsVersion = 9.1;
						ProvisioningStyle = Automatic;
					};
				};
			};
			buildConfigurationList = D953DB18200FDD7A007E3CFF /* Build configuration list for PBXProject "Climate App" */;
			compatibilityVersion = "Xcode 8.0";
			developmentRegion = en;
			hasScannedForEncodings = 0;
			knownRegions = (
				en,
				Base,
			);
			mainGroup = D953DB14200FDD7A007E3CFF;
			productRefGroup = D953DB1E200FDD7A007E3CFF /* Products */;
			projectDirPath = "";
			projectRoot = "";
			targets = (
				D953DB1C200FDD7A007E3CFF /* Climate App */,
			);
		};
/* End PBXProject section */

/* Begin PBXResourcesBuildPhase section */
		D953DB1B200FDD7A007E3CFF /* Resources */ = {
			isa = PBXResourcesBuildPhase;
			buildActionMask = 2147483647;
			files = (
				D953DB2B200FDD7A007E3CFF /* LaunchScreen.storyboard in Resources */,
				D953DB28200FDD7A007E3CFF /* Assets.xcassets in Resources */,
				D953DB26200FDD7A007E3CFF /* Main.storyboard in Resources */,
			);
			runOnlyForDeploymentPostprocessing = 0;
		};
/* End PBXResourcesBuildPhase section */

/* Begin PBXSourcesBuildPhase section */
		D953DB19200FDD7A007E3CFF /* Sources */ = {
			isa = PBXSourcesBuildPhase;
			buildActionMask = 2147483647;
			files = (
				D953DB23200FDD7A007E3CFF /* ViewController.swift in Sources */,
				D953DB21200FDD7A007E3CFF /* AppDelegate.swift in Sources */,
			);
			runOnlyForDeploymentPostprocessing = 0;
		};
/* End PBXSourcesBuildPhase section */

/* Begin PBXVariantGroup section */
		D953DB24200FDD7A007E3CFF /* Main.storyboard */ = {
			isa = PBXVariantGroup;
			children = (
				D953DB25200FDD7A007E3CFF /* Base */,
			);
			name = Main.storyboard;
			sourceTree = "<group>";
		};
		D953DB29200FDD7A007E3CFF /* LaunchScreen.storyboard */ = {
			isa = PBXVariantGroup;
			children = (
				D953DB2A200FDD7A007E3CFF /* Base */,
			);
			name = LaunchScreen.storyboard;
			sourceTree = "<group>";
		};
/* End PBXVariantGroup section */

/* Begin XCBuildConfiguration section */
		D953DB2D200FDD7A007E3CFF /* Debug */ = {
			isa = XCBuildConfiguration;
			buildSettings = {
				ALWAYS_SEARCH_USER_PATHS = NO;
				CLANG_ANALYZER_NONNULL = YES;
				CLANG_ANALYZER_NUMBER_OBJECT_CONVERSION = YES_AGGRESSIVE;
				CLANG_CXX_LANGUAGE_STANDARD = "gnu++14";
				CLANG_CXX_LIBRARY = "libc++";
				CLANG_ENABLE_MODULES = YES;
				CLANG_ENABLE_OBJC_ARC = YES;
				CLANG_WARN_BLOCK_CAPTURE_AUTORELEASING = YES;
				CLANG_WARN_BOOL_CONVERSION = YES;
				CLANG_WARN_COMMA = YES;
				CLANG_WARN_CONSTANT_CONVERSION = YES;
				CLANG_WARN_DIRECT_OBJC_ISA_USAGE = YES_ERROR;
				CLANG_WARN_DOCUMENTATION_COMMENTS = YES;
				CLANG_WARN_EMPTY_BODY = YES;
				CLANG_WARN_ENUM_CONVERSION = YES;
				CLANG_WARN_INFINITE_RECURSION = YES;
				CLANG_WARN_INT_CONVERSION = YES;
				CLANG_WARN_NON_LITERAL_NULL_CONVERSION = YES;
				CLANG_WARN_OBJC_LITERAL_CONVERSION = YES;
				CLANG_WARN_OBJC_ROOT_CLASS = YES_ERROR;
				CLANG_WARN_RANGE_LOOP_ANALYSIS = YES;
				CLANG_WARN_STRICT_PROTOTYPES = YES;
				CLANG_WARN_SUSPICIOUS_MOVE = YES;
				CLANG_WARN_UNGUARDED_AVAILABILITY = YES_AGGRESSIVE;
				CLANG_WARN_UNREACHABLE_CODE = YES;
				CLANG_WARN__DUPLICATE_METHOD_MATCH = YES;
				CODE_SIGN_IDENTITY = "iPhone Developer";
				COPY_PHASE_STRIP = NO;
				DEBUG_INFORMATION_FORMAT = dwarf;
				ENABLE_STRICT_OBJC_MSGSEND = YES;
				ENABLE_TESTABILITY = YES;
				GCC_C_LANGUAGE_STANDARD = gnu11;
				GCC_DYNAMIC_NO_PIC = NO;
				GCC_NO_COMMON_BLOCKS = YES;
				GCC_OPTIMIZATION_LEVEL = 0;
				GCC_PREPROCESSOR_DEFINITIONS = (
					"DEBUG=1",
					"$(inherited)",
				);
				GCC_WARN_64_TO_32_BIT_CONVERSION = YES;
				GCC_WARN_ABOUT_RETURN_TYPE = YES_ERROR;
				GCC_WARN_UNDECLARED_SELECTOR = YES;
				GCC_WARN_UNINITIALIZED_AUTOS = YES_AGGRESSIVE;
				GCC_WARN_UNUSED_FUNCTION = YES;
				GCC_WARN_UNUSED_VARIABLE = YES;
				IPHONEOS_DEPLOYMENT_TARGET = 11.1;
				MTL_ENABLE_DEBUG_INFO = YES;
				ONLY_ACTIVE_ARCH = YES;
				SDKROOT = iphoneos;
				SWIFT_ACTIVE_COMPILATION_CONDITIONS = DEBUG;
				SWIFT_OPTIMIZATION_LEVEL = "-Onone";
			};
			name = Debug;
		};
		D953DB2E200FDD7A007E3CFF /* Release */ = {
			isa = XCBuildConfiguration;
			buildSettings = {
				ALWAYS_SEARCH_USER_PATHS = NO;
				CLANG_ANALYZER_NONNULL = YES;
				CLANG_ANALYZER_NUMBER_OBJECT_CONVERSION = YES_AGGRESSIVE;
				CLANG_CXX_LANGUAGE_STANDARD = "gnu++14";
				CLANG_CXX_LIBRARY = "libc++";
				CLANG_ENABLE_MODULES = YES;
				CLANG_ENABLE_OBJC_ARC = YES;
				CLANG_WARN_BLOCK_CAPTURE_AUTORELEASING = YES;
				CLANG_WARN_BOOL_CONVERSION = YES;
				CLANG_WARN_COMMA = YES;
				CLANG_WARN_CONSTANT_CONVERSION = YES;
				CLANG_WARN_DIRECT_OBJC_ISA_USAGE = YES_ERROR;
				CLANG_WARN_DOCUMENTATION_COMMENTS = YES;
				CLANG_WARN_EMPTY_BODY = YES;
				CLANG_WARN_ENUM_CONVERSION = YES;
				CLANG_WARN_INFINITE_RECURSION = YES;
				CLANG_WARN_INT_CONVERSION = YES;
				CLANG_WARN_NON_LITERAL_NULL_CONVERSION = YES;
				CLANG_WARN_OBJC_LITERAL_CONVERSION = YES;
				CLANG_WARN_OBJC_ROOT_CLASS = YES_ERROR;
				CLANG_WARN_RANGE_LOOP_ANALYSIS = YES;
				CLANG_WARN_STRICT_PROTOTYPES = YES;
				CLANG_WARN_SUSPICIOUS_MOVE = YES;
				CLANG_WARN_UNGUARDED_AVAILABILITY = YES_AGGRESSIVE;
				CLANG_WARN_UNREACHABLE_CODE = YES;
				CLANG_WARN__DUPLICATE_METHOD_MATCH = YES;
				CODE_SIGN_IDENTITY = "iPhone Developer";
				COPY_PHASE_STRIP = NO;
				DEBUG_INFORMATION_FORMAT = "dwarf-with-dsym";
				ENABLE_NS_ASSERTIONS = NO;
				ENABLE_STRICT_OBJC_MSGSEND = YES;
				GCC_C_LANGUAGE_STANDARD = gnu11;
				GCC_NO_COMMON_BLOCKS = YES;
				GCC_WARN_64_TO_32_BIT_CONVERSION = YES;
				GCC_WARN_ABOUT_RETURN_TYPE = YES_ERROR;
				GCC_WARN_UNDECLARED_SELECTOR = YES;
				GCC_WARN_UNINITIALIZED_AUTOS = YES_AGGRESSIVE;
				GCC_WARN_UNUSED_FUNCTION = YES;
				GCC_WARN_UNUSED_VARIABLE = YES;
				IPHONEOS_DEPLOYMENT_TARGET = 11.1;
				MTL_ENABLE_DEBUG_INFO = NO;
				SDKROOT = iphoneos;
				SWIFT_OPTIMIZATION_LEVEL = "-Owholemodule";
				VALIDATE_PRODUCT = YES;
			};
			name = Release;
		};
		D953DB30200FDD7A007E3CFF /* Debug */ = {
			isa = XCBuildConfiguration;
			buildSettings = {
				ASSETCATALOG_COMPILER_APPICON_NAME = AppIcon;
				CODE_SIGN_STYLE = Automatic;
				INFOPLIST_FILE = "Climate App/Info.plist";
				LD_RUNPATH_SEARCH_PATHS = "$(inherited) @executable_path/Frameworks";
				PRODUCT_BUNDLE_IDENTIFIER = "mohamed.Climate-App";
				PRODUCT_NAME = "$(TARGET_NAME)";
				SWIFT_VERSION = 4.0;
				TARGETED_DEVICE_FAMILY = "1,2";
			};
			name = Debug;
		};
		D953DB31200FDD7A007E3CFF /* Release */ = {
			isa = XCBuildConfiguration;
			buildSettings = {
				ASSETCATALOG_COMPILER_APPICON_NAME = AppIcon;
				CODE_SIGN_STYLE = Automatic;
				INFOPLIST_FILE = "Climate App/Info.plist";
				LD_RUNPATH_SEARCH_PATHS = "$(inherited) @executable_path/Frameworks";
				PRODUCT_BUNDLE_IDENTIFIER = "mohamed.Climate-App";
				PRODUCT_NAME = "$(TARGET_NAME)";
				SWIFT_VERSION = 4.0;
				TARGETED_DEVICE_FAMILY = "1,2";
			};
			name = Release;
		};
/* End XCBuildConfiguration section */

/* Begin XCConfigurationList section */
		D953DB18200FDD7A007E3CFF /* Build configuration list for PBXProject "Climate App" */ = {
			isa = XCConfigurationList;
			buildConfigurations = (
				D953DB2D200FDD7A007E3CFF /* Debug */,
				D953DB2E200FDD7A007E3CFF /* Release */,
			);
			defaultConfigurationIsVisible = 0;
			defaultConfigurationName = Release;
		};
		D953DB2F200FDD7A007E3CFF /* Build configuration list for PBXNativeTarget "Climate App" */ = {
			isa = XCConfigurationList;
			buildConfigurations = (
				D953DB30200FDD7A007E3CFF /* Debug */,
				D953DB31200FDD7A007E3CFF /* Release */,
			);
			defaultConfigurationIsVisible = 0;
			defaultConfigurationName = Release;
		};
/* End XCConfigurationList section */
	};
	rootObject = D953DB15200FDD7A007E3CFF /* Project object */;
}
